// !$*UTF8*$!
{
	archiveVersion = 1;
	classes = {
	};
	objectVersion = 54;
	objects = {

/* Begin PBXBuildFile section */
		680FE2F227A8EF7700B6F6DB /* SFSafeSymbols in Frameworks */ = {isa = PBXBuildFile; productRef = 680FE2F127A8EF7700B6F6DB /* SFSafeSymbols */; };
		680FE2F427A8EFF700B6F6DB /* SFSafeSymbols in Frameworks */ = {isa = PBXBuildFile; productRef = 680FE2F327A8EFF700B6F6DB /* SFSafeSymbols */; };
		6816B1A8272D45DF005ADB85 /* ExampleObservableRoom.swift in Sources */ = {isa = PBXBuildFile; fileRef = 6816B1A7272D45DF005ADB85 /* ExampleObservableRoom.swift */; };
		6816B1A9272D45DF005ADB85 /* ExampleObservableRoom.swift in Sources */ = {isa = PBXBuildFile; fileRef = 6816B1A7272D45DF005ADB85 /* ExampleObservableRoom.swift */; };
		6816B1B0272D9198005ADB85 /* ParticipantView.swift in Sources */ = {isa = PBXBuildFile; fileRef = 6816B1AF272D9198005ADB85 /* ParticipantView.swift */; };
		6816B1B1272D9198005ADB85 /* ParticipantView.swift in Sources */ = {isa = PBXBuildFile; fileRef = 6816B1AF272D9198005ADB85 /* ParticipantView.swift */; };
		681A0AB727D888D80097E3F4 /* LiveKit in Frameworks */ = {isa = PBXBuildFile; productRef = 681A0AB627D888D80097E3F4 /* LiveKit */; };
		681A0AB827D88B190097E3F4 /* ReplayKit.framework in Frameworks */ = {isa = PBXBuildFile; fileRef = 683F05F4273F96B20080C7AC /* ReplayKit.framework */; platformFilter = maccatalyst; };
		681E3F39271FC772007BB547 /* RoomContext.swift in Sources */ = {isa = PBXBuildFile; fileRef = 681E3F38271FC772007BB547 /* RoomContext.swift */; };
		681E3F3A271FC772007BB547 /* RoomContext.swift in Sources */ = {isa = PBXBuildFile; fileRef = 681E3F38271FC772007BB547 /* RoomContext.swift */; };
		681E3F3F271FC795007BB547 /* Custom.swift in Sources */ = {isa = PBXBuildFile; fileRef = 681E3F3E271FC795007BB547 /* Custom.swift */; };
		681E3F40271FC795007BB547 /* Custom.swift in Sources */ = {isa = PBXBuildFile; fileRef = 681E3F3E271FC795007BB547 /* Custom.swift */; };
		681E3F43271FC7AD007BB547 /* RoomView.swift in Sources */ = {isa = PBXBuildFile; fileRef = 681E3F41271FC7AC007BB547 /* RoomView.swift */; };
		681E3F44271FC7AD007BB547 /* RoomView.swift in Sources */ = {isa = PBXBuildFile; fileRef = 681E3F41271FC7AC007BB547 /* RoomView.swift */; };
		681E3F45271FC7AD007BB547 /* ConnectView.swift in Sources */ = {isa = PBXBuildFile; fileRef = 681E3F42271FC7AD007BB547 /* ConnectView.swift */; };
		681E3F46271FC7AD007BB547 /* ConnectView.swift in Sources */ = {isa = PBXBuildFile; fileRef = 681E3F42271FC7AD007BB547 /* ConnectView.swift */; };
		683720D227A06404007DA986 /* ConnectionHistory.swift in Sources */ = {isa = PBXBuildFile; fileRef = 683720D127A06404007DA986 /* ConnectionHistory.swift */; };
		683720D327A06404007DA986 /* ConnectionHistory.swift in Sources */ = {isa = PBXBuildFile; fileRef = 683720D127A06404007DA986 /* ConnectionHistory.swift */; };
		6847616427B44A1A001611BE /* Bundle.swift in Sources */ = {isa = PBXBuildFile; fileRef = 6847616327B44A1A001611BE /* Bundle.swift */; };
		6847616527B44A1A001611BE /* Bundle.swift in Sources */ = {isa = PBXBuildFile; fileRef = 6847616327B44A1A001611BE /* Bundle.swift */; };
		6866E93C27A196C4008AD2DF /* LiveKit in Frameworks */ = {isa = PBXBuildFile; productRef = 6866E93B27A196C4008AD2DF /* LiveKit */; };
		6866E93E27A1974B008AD2DF /* LiveKit in Frameworks */ = {isa = PBXBuildFile; productRef = 6866E93D27A1974B008AD2DF /* LiveKit */; };
		6867533B27A65652003707B9 /* AppContext.swift in Sources */ = {isa = PBXBuildFile; fileRef = 6867533A27A65652003707B9 /* AppContext.swift */; };
		6867533C27A65652003707B9 /* AppContext.swift in Sources */ = {isa = PBXBuildFile; fileRef = 6867533A27A65652003707B9 /* AppContext.swift */; };
		68816CC127B4D6BC00E24622 /* KeychainAccess in Frameworks */ = {isa = PBXBuildFile; productRef = 68816CC027B4D6BC00E24622 /* KeychainAccess */; };
		68816CC327B4D94200E24622 /* KeychainAccess in Frameworks */ = {isa = PBXBuildFile; productRef = 68816CC227B4D94200E24622 /* KeychainAccess */; };
		68816CC527B4DCD500E24622 /* SecureStore.swift in Sources */ = {isa = PBXBuildFile; fileRef = 68816CC427B4DCD500E24622 /* SecureStore.swift */; };
		68816CC627B4DCD500E24622 /* SecureStore.swift in Sources */ = {isa = PBXBuildFile; fileRef = 68816CC427B4DCD500E24622 /* SecureStore.swift */; };
		6884B77C2750507400732D47 /* ScreenShareSourcePickerView.swift in Sources */ = {isa = PBXBuildFile; fileRef = 6884B77B2750507400732D47 /* ScreenShareSourcePickerView.swift */; };
		6884B77D2750507400732D47 /* ScreenShareSourcePickerView.swift in Sources */ = {isa = PBXBuildFile; fileRef = 6884B77B2750507400732D47 /* ScreenShareSourcePickerView.swift */; };
		688D9319283FE23F003CA647 /* Assets.xcassets in Resources */ = {isa = PBXBuildFile; fileRef = 68B3853E271E780700711D5F /* Assets.xcassets */; };
		688D931A283FE244003CA647 /* Assets.xcassets in Resources */ = {isa = PBXBuildFile; fileRef = 68B3853E271E780700711D5F /* Assets.xcassets */; };
		68B3854C271E780700711D5F /* LiveKitExample.swift in Sources */ = {isa = PBXBuildFile; fileRef = 68B3853C271E780600711D5F /* LiveKitExample.swift */; };
		68B3854D271E780700711D5F /* LiveKitExample.swift in Sources */ = {isa = PBXBuildFile; fileRef = 68B3853C271E780600711D5F /* LiveKitExample.swift */; };
		68EA18E827F2E91000F9AE48 /* BroadcastExt.appex in Embed App Extensions */ = {isa = PBXBuildFile; fileRef = 683F05F3273F96B20080C7AC /* BroadcastExt.appex */; settings = {ATTRIBUTES = (RemoveHeadersOnCopy, ); }; };
		D7AA477B285A0FFC00EB41AE /* SampleHandler.swift in Sources */ = {isa = PBXBuildFile; fileRef = D7AA477A285A0FFC00EB41AE /* SampleHandler.swift */; };
		D7FECD462860B42700D04D1C /* LoggingOSLog.swift in Sources */ = {isa = PBXBuildFile; fileRef = D7FECD452860B42700D04D1C /* LoggingOSLog.swift */; };
/* End PBXBuildFile section */

/* Begin PBXContainerItemProxy section */
		68EA18E927F2E91000F9AE48 /* PBXContainerItemProxy */ = {
			isa = PBXContainerItemProxy;
			containerPortal = 68B38537271E780600711D5F /* Project object */;
			proxyType = 1;
			remoteGlobalIDString = 683F05F2273F96B20080C7AC;
			remoteInfo = BroadcastExt;
		};
/* End PBXContainerItemProxy section */

/* Begin PBXCopyFilesBuildPhase section */
		68EA18EB27F2E91100F9AE48 /* Embed App Extensions */ = {
			isa = PBXCopyFilesBuildPhase;
			buildActionMask = 2147483647;
			dstPath = "";
			dstSubfolderSpec = 13;
			files = (
				68EA18E827F2E91000F9AE48 /* BroadcastExt.appex in Embed App Extensions */,
			);
			name = "Embed App Extensions";
			runOnlyForDeploymentPostprocessing = 0;
		};
/* End PBXCopyFilesBuildPhase section */

/* Begin PBXFileReference section */
		6816B1A7272D45DF005ADB85 /* ExampleObservableRoom.swift */ = {isa = PBXFileReference; lastKnownFileType = sourcecode.swift; path = ExampleObservableRoom.swift; sourceTree = "<group>"; };
		6816B1AF272D9198005ADB85 /* ParticipantView.swift */ = {isa = PBXFileReference; lastKnownFileType = sourcecode.swift; path = ParticipantView.swift; sourceTree = "<group>"; };
		681E3F38271FC772007BB547 /* RoomContext.swift */ = {isa = PBXFileReference; fileEncoding = 4; lastKnownFileType = sourcecode.swift; path = RoomContext.swift; sourceTree = "<group>"; };
		681E3F3E271FC795007BB547 /* Custom.swift */ = {isa = PBXFileReference; fileEncoding = 4; lastKnownFileType = sourcecode.swift; path = Custom.swift; sourceTree = "<group>"; };
		681E3F41271FC7AC007BB547 /* RoomView.swift */ = {isa = PBXFileReference; fileEncoding = 4; lastKnownFileType = sourcecode.swift; path = RoomView.swift; sourceTree = "<group>"; };
		681E3F42271FC7AD007BB547 /* ConnectView.swift */ = {isa = PBXFileReference; fileEncoding = 4; lastKnownFileType = sourcecode.swift; path = ConnectView.swift; sourceTree = "<group>"; };
		683720D127A06404007DA986 /* ConnectionHistory.swift */ = {isa = PBXFileReference; lastKnownFileType = sourcecode.swift; path = ConnectionHistory.swift; sourceTree = "<group>"; };
		683F05F3273F96B20080C7AC /* BroadcastExt.appex */ = {isa = PBXFileReference; explicitFileType = "wrapper.app-extension"; includeInIndex = 0; path = BroadcastExt.appex; sourceTree = BUILT_PRODUCTS_DIR; };
		683F05F4273F96B20080C7AC /* ReplayKit.framework */ = {isa = PBXFileReference; lastKnownFileType = wrapper.framework; name = ReplayKit.framework; path = System/Library/Frameworks/ReplayKit.framework; sourceTree = SDKROOT; };
		683F05F9273F96B20080C7AC /* Info.plist */ = {isa = PBXFileReference; lastKnownFileType = text.plist.xml; path = Info.plist; sourceTree = "<group>"; };
		683F0603273FAD690080C7AC /* iOS.entitlements */ = {isa = PBXFileReference; lastKnownFileType = text.plist.entitlements; path = iOS.entitlements; sourceTree = "<group>"; };
		683F0604273FADC20080C7AC /* BroadcastExt.entitlements */ = {isa = PBXFileReference; lastKnownFileType = text.plist.entitlements; path = BroadcastExt.entitlements; sourceTree = "<group>"; };
		6847616327B44A1A001611BE /* Bundle.swift */ = {isa = PBXFileReference; lastKnownFileType = sourcecode.swift; path = Bundle.swift; sourceTree = "<group>"; };
		6865EA2527513B4500FFAFC3 /* Info.plist */ = {isa = PBXFileReference; fileEncoding = 4; lastKnownFileType = text.plist.xml; path = Info.plist; sourceTree = "<group>"; };
		6865EA2D27513B6D00FFAFC3 /* Info.plist */ = {isa = PBXFileReference; lastKnownFileType = text.plist.xml; path = Info.plist; sourceTree = "<group>"; };
		6867533A27A65652003707B9 /* AppContext.swift */ = {isa = PBXFileReference; lastKnownFileType = sourcecode.swift; path = AppContext.swift; sourceTree = "<group>"; };
		68816CC427B4DCD500E24622 /* SecureStore.swift */ = {isa = PBXFileReference; lastKnownFileType = sourcecode.swift; path = SecureStore.swift; sourceTree = "<group>"; };
		6884B77B2750507400732D47 /* ScreenShareSourcePickerView.swift */ = {isa = PBXFileReference; lastKnownFileType = sourcecode.swift; path = ScreenShareSourcePickerView.swift; sourceTree = "<group>"; };
		68B3853C271E780600711D5F /* LiveKitExample.swift */ = {isa = PBXFileReference; lastKnownFileType = sourcecode.swift; path = LiveKitExample.swift; sourceTree = "<group>"; };
		68B3853E271E780700711D5F /* Assets.xcassets */ = {isa = PBXFileReference; lastKnownFileType = folder.assetcatalog; path = Assets.xcassets; sourceTree = "<group>"; };
		68B38543271E780700711D5F /* LiveKitExample.app */ = {isa = PBXFileReference; explicitFileType = wrapper.application; includeInIndex = 0; path = LiveKitExample.app; sourceTree = BUILT_PRODUCTS_DIR; };
		68B38549271E780700711D5F /* LiveKitExample.app */ = {isa = PBXFileReference; explicitFileType = wrapper.application; includeInIndex = 0; path = LiveKitExample.app; sourceTree = BUILT_PRODUCTS_DIR; };
		68B3854B271E780700711D5F /* macOS.entitlements */ = {isa = PBXFileReference; lastKnownFileType = text.plist.entitlements; path = macOS.entitlements; sourceTree = "<group>"; };
		9E7835E62751A71500559DEC /* CoreGraphics.framework */ = {isa = PBXFileReference; lastKnownFileType = wrapper.framework; name = CoreGraphics.framework; path = Platforms/iPhoneOS.platform/Developer/SDKs/iPhoneOS15.0.sdk/System/Library/Frameworks/CoreGraphics.framework; sourceTree = DEVELOPER_DIR; };
		D7AA477A285A0FFC00EB41AE /* SampleHandler.swift */ = {isa = PBXFileReference; lastKnownFileType = sourcecode.swift; path = SampleHandler.swift; sourceTree = "<group>"; };
		D7FECD452860B42700D04D1C /* LoggingOSLog.swift */ = {isa = PBXFileReference; lastKnownFileType = sourcecode.swift; path = LoggingOSLog.swift; sourceTree = "<group>"; };
/* End PBXFileReference section */

/* Begin PBXFrameworksBuildPhase section */
		683F05F0273F96B20080C7AC /* Frameworks */ = {
			isa = PBXFrameworksBuildPhase;
			buildActionMask = 2147483647;
			files = (
				681A0AB827D88B190097E3F4 /* ReplayKit.framework in Frameworks */,
				681A0AB727D888D80097E3F4 /* LiveKit in Frameworks */,
			);
			runOnlyForDeploymentPostprocessing = 0;
		};
		68B38540271E780700711D5F /* Frameworks */ = {
			isa = PBXFrameworksBuildPhase;
			buildActionMask = 2147483647;
			files = (
				680FE2F227A8EF7700B6F6DB /* SFSafeSymbols in Frameworks */,
				6866E93C27A196C4008AD2DF /* LiveKit in Frameworks */,
				68816CC127B4D6BC00E24622 /* KeychainAccess in Frameworks */,
			);
			runOnlyForDeploymentPostprocessing = 0;
		};
		68B38546271E780700711D5F /* Frameworks */ = {
			isa = PBXFrameworksBuildPhase;
			buildActionMask = 2147483647;
			files = (
				680FE2F427A8EFF700B6F6DB /* SFSafeSymbols in Frameworks */,
				6866E93E27A1974B008AD2DF /* LiveKit in Frameworks */,
				68816CC327B4D94200E24622 /* KeychainAccess in Frameworks */,
			);
			runOnlyForDeploymentPostprocessing = 0;
		};
/* End PBXFrameworksBuildPhase section */

/* Begin PBXGroup section */
		681E3F47271FCB40007BB547 /* Frameworks */ = {
			isa = PBXGroup;
			children = (
				9E7835E62751A71500559DEC /* CoreGraphics.framework */,
				683F05F4273F96B20080C7AC /* ReplayKit.framework */,
			);
			name = Frameworks;
			sourceTree = "<group>";
		};
		683720D427A0640D007DA986 /* Support */ = {
			isa = PBXGroup;
			children = (
				683720D127A06404007DA986 /* ConnectionHistory.swift */,
				6847616327B44A1A001611BE /* Bundle.swift */,
				68816CC427B4DCD500E24622 /* SecureStore.swift */,
			);
			path = Support;
			sourceTree = "<group>";
		};
		683F05F6273F96B20080C7AC /* BroadcastExt */ = {
			isa = PBXGroup;
			children = (
				683F0604273FADC20080C7AC /* BroadcastExt.entitlements */,
				683F05F9273F96B20080C7AC /* Info.plist */,
				D7AA477A285A0FFC00EB41AE /* SampleHandler.swift */,
				D7FECD452860B42700D04D1C /* LoggingOSLog.swift */,
			);
			path = BroadcastExt;
			sourceTree = "<group>";
		};
		685271EA27443907006B4D6A /* Controllers */ = {
			isa = PBXGroup;
			children = (
				681E3F38271FC772007BB547 /* RoomContext.swift */,
				6867533A27A65652003707B9 /* AppContext.swift */,
			);
			path = Controllers;
			sourceTree = "<group>";
		};
		6865EA2427513B4500FFAFC3 /* iOS */ = {
			isa = PBXGroup;
			children = (
				6865EA2527513B4500FFAFC3 /* Info.plist */,
				683F05F6273F96B20080C7AC /* BroadcastExt */,
				683F0603273FAD690080C7AC /* iOS.entitlements */,
			);
			path = iOS;
			sourceTree = "<group>";
		};
		6884B77A2750505B00732D47 /* Views */ = {
			isa = PBXGroup;
			children = (
				6884B77B2750507400732D47 /* ScreenShareSourcePickerView.swift */,
			);
			path = Views;
			sourceTree = "<group>";
		};
		68B38536271E780600711D5F = {
			isa = PBXGroup;
			children = (
				68B3853B271E780600711D5F /* Shared */,
				6865EA2427513B4500FFAFC3 /* iOS */,
				68B3854A271E780700711D5F /* macOS */,
				68B38544271E780700711D5F /* Products */,
				681E3F47271FCB40007BB547 /* Frameworks */,
			);
			sourceTree = "<group>";
		};
		68B3853B271E780600711D5F /* Shared */ = {
			isa = PBXGroup;
			children = (
				683720D427A0640D007DA986 /* Support */,
				6884B77A2750505B00732D47 /* Views */,
				685271EA27443907006B4D6A /* Controllers */,
				681E3F3E271FC795007BB547 /* Custom.swift */,
				681E3F42271FC7AD007BB547 /* ConnectView.swift */,
				681E3F41271FC7AC007BB547 /* RoomView.swift */,
				68B3853C271E780600711D5F /* LiveKitExample.swift */,
				6816B1A7272D45DF005ADB85 /* ExampleObservableRoom.swift */,
				6816B1AF272D9198005ADB85 /* ParticipantView.swift */,
				68B3853E271E780700711D5F /* Assets.xcassets */,
			);
			path = Shared;
			sourceTree = "<group>";
		};
		68B38544271E780700711D5F /* Products */ = {
			isa = PBXGroup;
			children = (
				68B38543271E780700711D5F /* LiveKitExample.app */,
				68B38549271E780700711D5F /* LiveKitExample.app */,
				683F05F3273F96B20080C7AC /* BroadcastExt.appex */,
			);
			name = Products;
			sourceTree = "<group>";
		};
		68B3854A271E780700711D5F /* macOS */ = {
			isa = PBXGroup;
			children = (
				6865EA2D27513B6D00FFAFC3 /* Info.plist */,
				68B3854B271E780700711D5F /* macOS.entitlements */,
			);
			path = macOS;
			sourceTree = "<group>";
		};
/* End PBXGroup section */

/* Begin PBXNativeTarget section */
		683F05F2273F96B20080C7AC /* BroadcastExt */ = {
			isa = PBXNativeTarget;
			buildConfigurationList = 683F05FD273F96B20080C7AC /* Build configuration list for PBXNativeTarget "BroadcastExt" */;
			buildPhases = (
				683F05EF273F96B20080C7AC /* Sources */,
				683F05F0273F96B20080C7AC /* Frameworks */,
				683F05F1273F96B20080C7AC /* Resources */,
			);
			buildRules = (
			);
			dependencies = (
			);
			name = BroadcastExt;
			packageProductDependencies = (
				681A0AB627D888D80097E3F4 /* LiveKit */,
			);
			productName = BroadcastExt;
			productReference = 683F05F3273F96B20080C7AC /* BroadcastExt.appex */;
			productType = "com.apple.product-type.app-extension";
		};
		68B38542271E780700711D5F /* LiveKitExample (iOS) */ = {
			isa = PBXNativeTarget;
			buildConfigurationList = 68B38554271E780700711D5F /* Build configuration list for PBXNativeTarget "LiveKitExample (iOS)" */;
			buildPhases = (
				68B3853F271E780700711D5F /* Sources */,
				68B38540271E780700711D5F /* Frameworks */,
				68B38541271E780700711D5F /* Resources */,
				68EA18EB27F2E91100F9AE48 /* Embed App Extensions */,
			);
			buildRules = (
			);
			dependencies = (
				68EA18EA27F2E91000F9AE48 /* PBXTargetDependency */,
			);
			name = "LiveKitExample (iOS)";
			packageProductDependencies = (
				6866E93B27A196C4008AD2DF /* LiveKit */,
				680FE2F127A8EF7700B6F6DB /* SFSafeSymbols */,
				68816CC027B4D6BC00E24622 /* KeychainAccess */,
			);
			productName = "Multiplatform-SwiftUI (iOS)";
			productReference = 68B38543271E780700711D5F /* LiveKitExample.app */;
			productType = "com.apple.product-type.application";
		};
		68B38548271E780700711D5F /* LiveKitExample (macOS) */ = {
			isa = PBXNativeTarget;
			buildConfigurationList = 68B38557271E780700711D5F /* Build configuration list for PBXNativeTarget "LiveKitExample (macOS)" */;
			buildPhases = (
				68B38545271E780700711D5F /* Sources */,
				68B38546271E780700711D5F /* Frameworks */,
				68B38547271E780700711D5F /* Resources */,
			);
			buildRules = (
			);
			dependencies = (
			);
			name = "LiveKitExample (macOS)";
			packageProductDependencies = (
				6866E93D27A1974B008AD2DF /* LiveKit */,
				680FE2F327A8EFF700B6F6DB /* SFSafeSymbols */,
				68816CC227B4D94200E24622 /* KeychainAccess */,
			);
			productName = "Multiplatform-SwiftUI (macOS)";
			productReference = 68B38549271E780700711D5F /* LiveKitExample.app */;
			productType = "com.apple.product-type.application";
		};
/* End PBXNativeTarget section */

/* Begin PBXProject section */
		68B38537271E780600711D5F /* Project object */ = {
			isa = PBXProject;
			attributes = {
				BuildIndependentTargetsInParallel = 1;
				LastSwiftUpdateCheck = 1330;
				LastUpgradeCheck = 1310;
				TargetAttributes = {
					683F05F2273F96B20080C7AC = {
						CreatedOnToolsVersion = 13.1;
					};
					68B38542271E780700711D5F = {
						CreatedOnToolsVersion = 13.0;
					};
					68B38548271E780700711D5F = {
						CreatedOnToolsVersion = 13.0;
					};
				};
			};
			buildConfigurationList = 68B3853A271E780600711D5F /* Build configuration list for PBXProject "LiveKitExample" */;
			compatibilityVersion = "Xcode 12.0";
			developmentRegion = en;
			hasScannedForEncodings = 0;
			knownRegions = (
				en,
				Base,
			);
			mainGroup = 68B38536271E780600711D5F;
			packageReferences = (
				685271E727407BBC006B4D6A /* XCRemoteSwiftPackageReference "swift-protobuf" */,
				6866E93A27A196C4008AD2DF /* XCRemoteSwiftPackageReference "client-sdk-swift" */,
				680FE2F027A8EF7700B6F6DB /* XCRemoteSwiftPackageReference "SFSafeSymbols" */,
				68816CBF27B4D6BC00E24622 /* XCRemoteSwiftPackageReference "KeychainAccess" */,
			);
			productRefGroup = 68B38544271E780700711D5F /* Products */;
			projectDirPath = "";
			projectRoot = "";
			targets = (
				68B38542271E780700711D5F /* LiveKitExample (iOS) */,
				68B38548271E780700711D5F /* LiveKitExample (macOS) */,
				683F05F2273F96B20080C7AC /* BroadcastExt */,
			);
		};
/* End PBXProject section */

/* Begin PBXResourcesBuildPhase section */
		683F05F1273F96B20080C7AC /* Resources */ = {
			isa = PBXResourcesBuildPhase;
			buildActionMask = 2147483647;
			files = (
			);
			runOnlyForDeploymentPostprocessing = 0;
		};
		68B38541271E780700711D5F /* Resources */ = {
			isa = PBXResourcesBuildPhase;
			buildActionMask = 2147483647;
			files = (
				688D931A283FE244003CA647 /* Assets.xcassets in Resources */,
			);
			runOnlyForDeploymentPostprocessing = 0;
		};
		68B38547271E780700711D5F /* Resources */ = {
			isa = PBXResourcesBuildPhase;
			buildActionMask = 2147483647;
			files = (
				688D9319283FE23F003CA647 /* Assets.xcassets in Resources */,
			);
			runOnlyForDeploymentPostprocessing = 0;
		};
/* End PBXResourcesBuildPhase section */

/* Begin PBXSourcesBuildPhase section */
		683F05EF273F96B20080C7AC /* Sources */ = {
			isa = PBXSourcesBuildPhase;
			buildActionMask = 2147483647;
			files = (
				D7FECD462860B42700D04D1C /* LoggingOSLog.swift in Sources */,
				D7AA477B285A0FFC00EB41AE /* SampleHandler.swift in Sources */,
			);
			runOnlyForDeploymentPostprocessing = 0;
		};
		68B3853F271E780700711D5F /* Sources */ = {
			isa = PBXSourcesBuildPhase;
			buildActionMask = 2147483647;
			files = (
				681E3F45271FC7AD007BB547 /* ConnectView.swift in Sources */,
				6867533B27A65652003707B9 /* AppContext.swift in Sources */,
				681E3F39271FC772007BB547 /* RoomContext.swift in Sources */,
				683720D227A06404007DA986 /* ConnectionHistory.swift in Sources */,
				681E3F43271FC7AD007BB547 /* RoomView.swift in Sources */,
				6816B1B0272D9198005ADB85 /* ParticipantView.swift in Sources */,
				68816CC527B4DCD500E24622 /* SecureStore.swift in Sources */,
				68B3854C271E780700711D5F /* LiveKitExample.swift in Sources */,
				681E3F3F271FC795007BB547 /* Custom.swift in Sources */,
				6847616427B44A1A001611BE /* Bundle.swift in Sources */,
				6816B1A8272D45DF005ADB85 /* ExampleObservableRoom.swift in Sources */,
				6884B77C2750507400732D47 /* ScreenShareSourcePickerView.swift in Sources */,
			);
			runOnlyForDeploymentPostprocessing = 0;
		};
		68B38545271E780700711D5F /* Sources */ = {
			isa = PBXSourcesBuildPhase;
			buildActionMask = 2147483647;
			files = (
				681E3F46271FC7AD007BB547 /* ConnectView.swift in Sources */,
				6867533C27A65652003707B9 /* AppContext.swift in Sources */,
				681E3F3A271FC772007BB547 /* RoomContext.swift in Sources */,
				683720D327A06404007DA986 /* ConnectionHistory.swift in Sources */,
				681E3F44271FC7AD007BB547 /* RoomView.swift in Sources */,
				6816B1B1272D9198005ADB85 /* ParticipantView.swift in Sources */,
				68816CC627B4DCD500E24622 /* SecureStore.swift in Sources */,
				68B3854D271E780700711D5F /* LiveKitExample.swift in Sources */,
				681E3F40271FC795007BB547 /* Custom.swift in Sources */,
				6847616527B44A1A001611BE /* Bundle.swift in Sources */,
				6816B1A9272D45DF005ADB85 /* ExampleObservableRoom.swift in Sources */,
				6884B77D2750507400732D47 /* ScreenShareSourcePickerView.swift in Sources */,
			);
			runOnlyForDeploymentPostprocessing = 0;
		};
/* End PBXSourcesBuildPhase section */

/* Begin PBXTargetDependency section */
		68EA18EA27F2E91000F9AE48 /* PBXTargetDependency */ = {
			isa = PBXTargetDependency;
			target = 683F05F2273F96B20080C7AC /* BroadcastExt */;
			targetProxy = 68EA18E927F2E91000F9AE48 /* PBXContainerItemProxy */;
		};
/* End PBXTargetDependency section */

/* Begin XCBuildConfiguration section */
		683F05FE273F96B20080C7AC /* Debug */ = {
			isa = XCBuildConfiguration;
			buildSettings = {
				CODE_SIGN_ENTITLEMENTS = "$(SRCROOT)/iOS/BroadcastExt/BroadcastExt.entitlements";
				CODE_SIGN_STYLE = Automatic;
				CURRENT_PROJECT_VERSION = 17;
				DEVELOPMENT_TEAM = 76TVFCUKK7;
				INFOPLIST_FILE = "$(SRCROOT)/iOS/BroadcastExt/Info.plist";
				INFOPLIST_KEY_CFBundleDisplayName = BroadcastExt;
				IPHONEOS_DEPLOYMENT_TARGET = 14.0;
				LD_RUNPATH_SEARCH_PATHS = (
					"$(inherited)",
					"@executable_path/Frameworks",
					"@executable_path/../../Frameworks",
				);
				MARKETING_VERSION = 1.0.13;
				PRODUCT_BUNDLE_IDENTIFIER = io.livekit.example.SwiftSDK.1.BroadcastExt;
				PRODUCT_NAME = "$(TARGET_NAME)";
				SDKROOT = iphoneos;
				SKIP_INSTALL = YES;
				SWIFT_EMIT_LOC_STRINGS = YES;
				TARGETED_DEVICE_FAMILY = "1,2";
			};
			name = Debug;
		};
		683F05FF273F96B20080C7AC /* Release */ = {
			isa = XCBuildConfiguration;
			buildSettings = {
				CODE_SIGN_ENTITLEMENTS = "$(SRCROOT)/iOS/BroadcastExt/BroadcastExt.entitlements";
				CODE_SIGN_STYLE = Automatic;
				CURRENT_PROJECT_VERSION = 17;
				DEVELOPMENT_TEAM = 76TVFCUKK7;
				INFOPLIST_FILE = "$(SRCROOT)/iOS/BroadcastExt/Info.plist";
				INFOPLIST_KEY_CFBundleDisplayName = BroadcastExt;
				IPHONEOS_DEPLOYMENT_TARGET = 14.0;
				LD_RUNPATH_SEARCH_PATHS = (
					"$(inherited)",
					"@executable_path/Frameworks",
					"@executable_path/../../Frameworks",
				);
				MARKETING_VERSION = 1.0.13;
				PRODUCT_BUNDLE_IDENTIFIER = io.livekit.example.SwiftSDK.1.BroadcastExt;
				PRODUCT_NAME = "$(TARGET_NAME)";
				SDKROOT = iphoneos;
				SKIP_INSTALL = YES;
				SWIFT_EMIT_LOC_STRINGS = YES;
				TARGETED_DEVICE_FAMILY = "1,2";
				VALIDATE_PRODUCT = YES;
			};
			name = Release;
		};
		68B38552271E780700711D5F /* Debug */ = {
			isa = XCBuildConfiguration;
			buildSettings = {
				ALWAYS_SEARCH_USER_PATHS = NO;
				CLANG_ANALYZER_NONNULL = YES;
				CLANG_ANALYZER_NUMBER_OBJECT_CONVERSION = YES_AGGRESSIVE;
				CLANG_CXX_LANGUAGE_STANDARD = "gnu++17";
				CLANG_CXX_LIBRARY = "libc++";
				CLANG_ENABLE_MODULES = YES;
				CLANG_ENABLE_OBJC_ARC = YES;
				CLANG_ENABLE_OBJC_WEAK = YES;
				CLANG_WARN_BLOCK_CAPTURE_AUTORELEASING = YES;
				CLANG_WARN_BOOL_CONVERSION = YES;
				CLANG_WARN_COMMA = YES;
				CLANG_WARN_CONSTANT_CONVERSION = YES;
				CLANG_WARN_DEPRECATED_OBJC_IMPLEMENTATIONS = YES;
				CLANG_WARN_DIRECT_OBJC_ISA_USAGE = YES_ERROR;
				CLANG_WARN_DOCUMENTATION_COMMENTS = YES;
				CLANG_WARN_EMPTY_BODY = YES;
				CLANG_WARN_ENUM_CONVERSION = YES;
				CLANG_WARN_INFINITE_RECURSION = YES;
				CLANG_WARN_INT_CONVERSION = YES;
				CLANG_WARN_NON_LITERAL_NULL_CONVERSION = YES;
				CLANG_WARN_OBJC_IMPLICIT_RETAIN_SELF = YES;
				CLANG_WARN_OBJC_LITERAL_CONVERSION = YES;
				CLANG_WARN_OBJC_ROOT_CLASS = YES_ERROR;
				CLANG_WARN_QUOTED_INCLUDE_IN_FRAMEWORK_HEADER = YES;
				CLANG_WARN_RANGE_LOOP_ANALYSIS = YES;
				CLANG_WARN_STRICT_PROTOTYPES = YES;
				CLANG_WARN_SUSPICIOUS_MOVE = YES;
				CLANG_WARN_UNGUARDED_AVAILABILITY = YES_AGGRESSIVE;
				CLANG_WARN_UNREACHABLE_CODE = YES;
				CLANG_WARN__DUPLICATE_METHOD_MATCH = YES;
				COPY_PHASE_STRIP = NO;
				DEBUG_INFORMATION_FORMAT = dwarf;
				ENABLE_BITCODE = NO;
				ENABLE_STRICT_OBJC_MSGSEND = YES;
				ENABLE_TESTABILITY = YES;
				GCC_C_LANGUAGE_STANDARD = gnu11;
				GCC_DYNAMIC_NO_PIC = NO;
				GCC_NO_COMMON_BLOCKS = YES;
				GCC_OPTIMIZATION_LEVEL = 0;
				GCC_PREPROCESSOR_DEFINITIONS = (
					"DEBUG=1",
					"GL_SILENCE_DEPRECATION=1",
				);
				GCC_WARN_64_TO_32_BIT_CONVERSION = YES;
				GCC_WARN_ABOUT_RETURN_TYPE = YES_ERROR;
				GCC_WARN_UNDECLARED_SELECTOR = YES;
				GCC_WARN_UNINITIALIZED_AUTOS = YES_AGGRESSIVE;
				GCC_WARN_UNUSED_FUNCTION = YES;
				GCC_WARN_UNUSED_VARIABLE = YES;
				MTL_ENABLE_DEBUG_INFO = INCLUDE_SOURCE;
				MTL_FAST_MATH = YES;
				ONLY_ACTIVE_ARCH = YES;
				SWIFT_ACTIVE_COMPILATION_CONDITIONS = DEBUG;
				SWIFT_OPTIMIZATION_LEVEL = "-Onone";
				SWIFT_VERSION = 5.0;
			};
			name = Debug;
		};
		68B38553271E780700711D5F /* Release */ = {
			isa = XCBuildConfiguration;
			buildSettings = {
				ALWAYS_SEARCH_USER_PATHS = NO;
				CLANG_ANALYZER_NONNULL = YES;
				CLANG_ANALYZER_NUMBER_OBJECT_CONVERSION = YES_AGGRESSIVE;
				CLANG_CXX_LANGUAGE_STANDARD = "gnu++17";
				CLANG_CXX_LIBRARY = "libc++";
				CLANG_ENABLE_MODULES = YES;
				CLANG_ENABLE_OBJC_ARC = YES;
				CLANG_ENABLE_OBJC_WEAK = YES;
				CLANG_WARN_BLOCK_CAPTURE_AUTORELEASING = YES;
				CLANG_WARN_BOOL_CONVERSION = YES;
				CLANG_WARN_COMMA = YES;
				CLANG_WARN_CONSTANT_CONVERSION = YES;
				CLANG_WARN_DEPRECATED_OBJC_IMPLEMENTATIONS = YES;
				CLANG_WARN_DIRECT_OBJC_ISA_USAGE = YES_ERROR;
				CLANG_WARN_DOCUMENTATION_COMMENTS = YES;
				CLANG_WARN_EMPTY_BODY = YES;
				CLANG_WARN_ENUM_CONVERSION = YES;
				CLANG_WARN_INFINITE_RECURSION = YES;
				CLANG_WARN_INT_CONVERSION = YES;
				CLANG_WARN_NON_LITERAL_NULL_CONVERSION = YES;
				CLANG_WARN_OBJC_IMPLICIT_RETAIN_SELF = YES;
				CLANG_WARN_OBJC_LITERAL_CONVERSION = YES;
				CLANG_WARN_OBJC_ROOT_CLASS = YES_ERROR;
				CLANG_WARN_QUOTED_INCLUDE_IN_FRAMEWORK_HEADER = YES;
				CLANG_WARN_RANGE_LOOP_ANALYSIS = YES;
				CLANG_WARN_STRICT_PROTOTYPES = YES;
				CLANG_WARN_SUSPICIOUS_MOVE = YES;
				CLANG_WARN_UNGUARDED_AVAILABILITY = YES_AGGRESSIVE;
				CLANG_WARN_UNREACHABLE_CODE = YES;
				CLANG_WARN__DUPLICATE_METHOD_MATCH = YES;
				COPY_PHASE_STRIP = NO;
				DEBUG_INFORMATION_FORMAT = "dwarf-with-dsym";
				ENABLE_BITCODE = NO;
				ENABLE_NS_ASSERTIONS = NO;
				ENABLE_STRICT_OBJC_MSGSEND = YES;
				GCC_C_LANGUAGE_STANDARD = gnu11;
				GCC_NO_COMMON_BLOCKS = YES;
				GCC_PREPROCESSOR_DEFINITIONS = "GL_SILENCE_DEPRECATION=1";
				GCC_WARN_64_TO_32_BIT_CONVERSION = YES;
				GCC_WARN_ABOUT_RETURN_TYPE = YES_ERROR;
				GCC_WARN_UNDECLARED_SELECTOR = YES;
				GCC_WARN_UNINITIALIZED_AUTOS = YES_AGGRESSIVE;
				GCC_WARN_UNUSED_FUNCTION = YES;
				GCC_WARN_UNUSED_VARIABLE = YES;
				MTL_ENABLE_DEBUG_INFO = NO;
				MTL_FAST_MATH = YES;
				SWIFT_COMPILATION_MODE = wholemodule;
				SWIFT_OPTIMIZATION_LEVEL = "-O";
				SWIFT_VERSION = 5.0;
			};
			name = Release;
		};
		68B38555271E780700711D5F /* Debug */ = {
			isa = XCBuildConfiguration;
			buildSettings = {
				ALWAYS_EMBED_SWIFT_STANDARD_LIBRARIES = YES;
				ASSETCATALOG_COMPILER_APPICON_NAME = iOS;
				ASSETCATALOG_COMPILER_GLOBAL_ACCENT_COLOR_NAME = AccentColor;
				CODE_SIGN_ENTITLEMENTS = "$(SRCROOT)/iOS/iOS.entitlements";
				CODE_SIGN_IDENTITY = "Apple Development";
				CODE_SIGN_STYLE = Automatic;
				CURRENT_PROJECT_VERSION = 17;
				DEVELOPMENT_TEAM = 76TVFCUKK7;
				ENABLE_PREVIEWS = YES;
				INFOPLIST_FILE = iOS/Info.plist;
				INFOPLIST_KEY_NSCameraUsageDescription = "Please allow Camera access";
				INFOPLIST_KEY_NSMicrophoneUsageDescription = "Please allow Microphone access";
				INFOPLIST_KEY_UIApplicationSupportsIndirectInputEvents = YES;
				INFOPLIST_KEY_UILaunchScreen_Generation = YES;
				INFOPLIST_KEY_UISupportedInterfaceOrientations_iPad = "UIInterfaceOrientationPortrait UIInterfaceOrientationPortraitUpsideDown UIInterfaceOrientationLandscapeLeft UIInterfaceOrientationLandscapeRight";
				INFOPLIST_KEY_UISupportedInterfaceOrientations_iPhone = "UIInterfaceOrientationPortrait UIInterfaceOrientationLandscapeLeft UIInterfaceOrientationLandscapeRight";
				IPHONEOS_DEPLOYMENT_TARGET = 14.0;
				LD_RUNPATH_SEARCH_PATHS = (
					"$(inherited)",
					"@executable_path/Frameworks",
				);
				MARKETING_VERSION = 1.0.13;
				PRODUCT_BUNDLE_IDENTIFIER = io.livekit.example.SwiftSDK.1;
				PRODUCT_NAME = LiveKitExample;
				PROVISIONING_PROFILE_SPECIFIER = "";
				SDKROOT = iphoneos;
				SWIFT_EMIT_LOC_STRINGS = YES;
				TARGETED_DEVICE_FAMILY = "1,2";
			};
			name = Debug;
		};
		68B38556271E780700711D5F /* Release */ = {
			isa = XCBuildConfiguration;
			buildSettings = {
				ALWAYS_EMBED_SWIFT_STANDARD_LIBRARIES = YES;
				ASSETCATALOG_COMPILER_APPICON_NAME = iOS;
				ASSETCATALOG_COMPILER_GLOBAL_ACCENT_COLOR_NAME = AccentColor;
				CODE_SIGN_ENTITLEMENTS = "$(SRCROOT)/iOS/iOS.entitlements";
				CODE_SIGN_IDENTITY = "Apple Development";
				CODE_SIGN_STYLE = Automatic;
				CURRENT_PROJECT_VERSION = 17;
				DEVELOPMENT_TEAM = 76TVFCUKK7;
				ENABLE_PREVIEWS = YES;
				INFOPLIST_FILE = iOS/Info.plist;
				INFOPLIST_KEY_NSCameraUsageDescription = "Please allow Camera access";
				INFOPLIST_KEY_NSMicrophoneUsageDescription = "Please allow Microphone access";
				INFOPLIST_KEY_UIApplicationSupportsIndirectInputEvents = YES;
				INFOPLIST_KEY_UILaunchScreen_Generation = YES;
				INFOPLIST_KEY_UISupportedInterfaceOrientations_iPad = "UIInterfaceOrientationPortrait UIInterfaceOrientationPortraitUpsideDown UIInterfaceOrientationLandscapeLeft UIInterfaceOrientationLandscapeRight";
				INFOPLIST_KEY_UISupportedInterfaceOrientations_iPhone = "UIInterfaceOrientationPortrait UIInterfaceOrientationLandscapeLeft UIInterfaceOrientationLandscapeRight";
				IPHONEOS_DEPLOYMENT_TARGET = 14.0;
				LD_RUNPATH_SEARCH_PATHS = (
					"$(inherited)",
					"@executable_path/Frameworks",
				);
				MARKETING_VERSION = 1.0.13;
				PRODUCT_BUNDLE_IDENTIFIER = io.livekit.example.SwiftSDK.1;
				PRODUCT_NAME = LiveKitExample;
				PROVISIONING_PROFILE_SPECIFIER = "";
				SDKROOT = iphoneos;
				SWIFT_EMIT_LOC_STRINGS = YES;
				TARGETED_DEVICE_FAMILY = "1,2";
				VALIDATE_PRODUCT = YES;
			};
			name = Release;
		};
		68B38558271E780700711D5F /* Debug */ = {
			isa = XCBuildConfiguration;
			buildSettings = {
				ASSETCATALOG_COMPILER_APPICON_NAME = macOS;
				ASSETCATALOG_COMPILER_GLOBAL_ACCENT_COLOR_NAME = AccentColor;
				CODE_SIGN_ENTITLEMENTS = "$(SRCROOT)/macOS/macOS.entitlements";
				CODE_SIGN_IDENTITY = "Apple Development";
				CODE_SIGN_STYLE = Automatic;
				COMBINE_HIDPI_IMAGES = YES;
				CURRENT_PROJECT_VERSION = 16;
				DEVELOPMENT_TEAM = 76TVFCUKK7;
				ENABLE_HARDENED_RUNTIME = YES;
				ENABLE_PREVIEWS = YES;
				INFOPLIST_FILE = "$(SRCROOT)/macOS/Info.plist";
				INFOPLIST_KEY_LSApplicationCategoryType = "public.app-category.developer-tools";
				INFOPLIST_KEY_NSCameraUsageDescription = "Please allow Camera access";
				INFOPLIST_KEY_NSMicrophoneUsageDescription = "Please allow Microphone access";
				LD_RUNPATH_SEARCH_PATHS = (
					"$(inherited)",
					"@executable_path/../Frameworks",
				);
				MACOSX_DEPLOYMENT_TARGET = 11.0;
				MARKETING_VERSION = 1.0.12;
				PRODUCT_BUNDLE_IDENTIFIER = io.livekit.example.SwiftSDK.1;
				PRODUCT_NAME = LiveKitExample;
				PROVISIONING_PROFILE_SPECIFIER = "";
				SDKROOT = macosx;
				SWIFT_EMIT_LOC_STRINGS = YES;
			};
			name = Debug;
		};
		68B38559271E780700711D5F /* Release */ = {
			isa = XCBuildConfiguration;
			buildSettings = {
				ASSETCATALOG_COMPILER_APPICON_NAME = macOS;
				ASSETCATALOG_COMPILER_GLOBAL_ACCENT_COLOR_NAME = AccentColor;
				CODE_SIGN_ENTITLEMENTS = "$(SRCROOT)/macOS/macOS.entitlements";
				CODE_SIGN_IDENTITY = "Apple Development";
				CODE_SIGN_STYLE = Automatic;
				COMBINE_HIDPI_IMAGES = YES;
				CURRENT_PROJECT_VERSION = 16;
				DEVELOPMENT_TEAM = 76TVFCUKK7;
				ENABLE_HARDENED_RUNTIME = YES;
				ENABLE_PREVIEWS = YES;
				INFOPLIST_FILE = "$(SRCROOT)/macOS/Info.plist";
				INFOPLIST_KEY_LSApplicationCategoryType = "public.app-category.developer-tools";
				INFOPLIST_KEY_NSCameraUsageDescription = "Please allow Camera access";
				INFOPLIST_KEY_NSMicrophoneUsageDescription = "Please allow Microphone access";
				LD_RUNPATH_SEARCH_PATHS = (
					"$(inherited)",
					"@executable_path/../Frameworks",
				);
				MACOSX_DEPLOYMENT_TARGET = 11.0;
				MARKETING_VERSION = 1.0.12;
				PRODUCT_BUNDLE_IDENTIFIER = io.livekit.example.SwiftSDK.1;
				PRODUCT_NAME = LiveKitExample;
				PROVISIONING_PROFILE_SPECIFIER = "";
				SDKROOT = macosx;
				SWIFT_EMIT_LOC_STRINGS = YES;
			};
			name = Release;
		};
/* End XCBuildConfiguration section */

/* Begin XCConfigurationList section */
		683F05FD273F96B20080C7AC /* Build configuration list for PBXNativeTarget "BroadcastExt" */ = {
			isa = XCConfigurationList;
			buildConfigurations = (
				683F05FE273F96B20080C7AC /* Debug */,
				683F05FF273F96B20080C7AC /* Release */,
			);
			defaultConfigurationIsVisible = 0;
			defaultConfigurationName = Release;
		};
		68B3853A271E780600711D5F /* Build configuration list for PBXProject "LiveKitExample" */ = {
			isa = XCConfigurationList;
			buildConfigurations = (
				68B38552271E780700711D5F /* Debug */,
				68B38553271E780700711D5F /* Release */,
			);
			defaultConfigurationIsVisible = 0;
			defaultConfigurationName = Release;
		};
		68B38554271E780700711D5F /* Build configuration list for PBXNativeTarget "LiveKitExample (iOS)" */ = {
			isa = XCConfigurationList;
			buildConfigurations = (
				68B38555271E780700711D5F /* Debug */,
				68B38556271E780700711D5F /* Release */,
			);
			defaultConfigurationIsVisible = 0;
			defaultConfigurationName = Release;
		};
		68B38557271E780700711D5F /* Build configuration list for PBXNativeTarget "LiveKitExample (macOS)" */ = {
			isa = XCConfigurationList;
			buildConfigurations = (
				68B38558271E780700711D5F /* Debug */,
				68B38559271E780700711D5F /* Release */,
			);
			defaultConfigurationIsVisible = 0;
			defaultConfigurationName = Release;
		};
/* End XCConfigurationList section */

/* Begin XCRemoteSwiftPackageReference section */
		680FE2F027A8EF7700B6F6DB /* XCRemoteSwiftPackageReference "SFSafeSymbols" */ = {
			isa = XCRemoteSwiftPackageReference;
			repositoryURL = "https://github.com/SFSafeSymbols/SFSafeSymbols";
			requirement = {
				branch = stable;
				kind = branch;
			};
		};
		685271E727407BBC006B4D6A /* XCRemoteSwiftPackageReference "swift-protobuf" */ = {
			isa = XCRemoteSwiftPackageReference;
			repositoryURL = "https://github.com/apple/swift-protobuf.git";
			requirement = {
				kind = upToNextMajorVersion;
				minimumVersion = 1.18.0;
			};
		};
		6866E93A27A196C4008AD2DF /* XCRemoteSwiftPackageReference "client-sdk-swift" */ = {
			isa = XCRemoteSwiftPackageReference;
			repositoryURL = "https://github.com/livekit/client-sdk-swift";
			requirement = {
				kind = exactVersion;
				version = 1.0.0;
			};
		};
		68816CBF27B4D6BC00E24622 /* XCRemoteSwiftPackageReference "KeychainAccess" */ = {
			isa = XCRemoteSwiftPackageReference;
			repositoryURL = "https://github.com/kishikawakatsumi/KeychainAccess.git";
			requirement = {
				kind = upToNextMajorVersion;
				minimumVersion = 4.2.2;
			};
		};
/* End XCRemoteSwiftPackageReference section */

/* Begin XCSwiftPackageProductDependency section */
		680FE2F127A8EF7700B6F6DB /* SFSafeSymbols */ = {
			isa = XCSwiftPackageProductDependency;
			package = 680FE2F027A8EF7700B6F6DB /* XCRemoteSwiftPackageReference "SFSafeSymbols" */;
			productName = SFSafeSymbols;
		};
		680FE2F327A8EFF700B6F6DB /* SFSafeSymbols */ = {
			isa = XCSwiftPackageProductDependency;
			package = 680FE2F027A8EF7700B6F6DB /* XCRemoteSwiftPackageReference "SFSafeSymbols" */;
			productName = SFSafeSymbols;
		};
		681A0AB627D888D80097E3F4 /* LiveKit */ = {
			isa = XCSwiftPackageProductDependency;
			package = 6866E93A27A196C4008AD2DF /* XCRemoteSwiftPackageReference "client-sdk-swift" */;
			productName = LiveKit;
		};
		6866E93B27A196C4008AD2DF /* LiveKit */ = {
			isa = XCSwiftPackageProductDependency;
			package = 6866E93A27A196C4008AD2DF /* XCRemoteSwiftPackageReference "client-sdk-swift" */;
			productName = LiveKit;
		};
		6866E93D27A1974B008AD2DF /* LiveKit */ = {
			isa = XCSwiftPackageProductDependency;
			package = 6866E93A27A196C4008AD2DF /* XCRemoteSwiftPackageReference "client-sdk-swift" */;
			productName = LiveKit;
		};
		68816CC027B4D6BC00E24622 /* KeychainAccess */ = {
			isa = XCSwiftPackageProductDependency;
			package = 68816CBF27B4D6BC00E24622 /* XCRemoteSwiftPackageReference "KeychainAccess" */;
			productName = KeychainAccess;
		};
		68816CC227B4D94200E24622 /* KeychainAccess */ = {
			isa = XCSwiftPackageProductDependency;
			package = 68816CBF27B4D6BC00E24622 /* XCRemoteSwiftPackageReference "KeychainAccess" */;
			productName = KeychainAccess;
		};
/* End XCSwiftPackageProductDependency section */
	};
	rootObject = 68B38537271E780600711D5F /* Project object */;
}
