// !$*UTF8*$!
{
	archiveVersion = 1;
	classes = {
	};
	objectVersion = 55;
	objects = {

/* Begin PBXBuildFile section */
		681E3F39271FC772007BB547 /* States.swift in Sources */ = {isa = PBXBuildFile; fileRef = 681E3F38271FC772007BB547 /* States.swift */; };
		681E3F3A271FC772007BB547 /* States.swift in Sources */ = {isa = PBXBuildFile; fileRef = 681E3F38271FC772007BB547 /* States.swift */; };
		681E3F3C271FC78A007BB547 /* Globals.swift in Sources */ = {isa = PBXBuildFile; fileRef = 681E3F3B271FC78A007BB547 /* Globals.swift */; };
		681E3F3D271FC78A007BB547 /* Globals.swift in Sources */ = {isa = PBXBuildFile; fileRef = 681E3F3B271FC78A007BB547 /* Globals.swift */; };
		681E3F3F271FC795007BB547 /* Custom.swift in Sources */ = {isa = PBXBuildFile; fileRef = 681E3F3E271FC795007BB547 /* Custom.swift */; };
		681E3F40271FC795007BB547 /* Custom.swift in Sources */ = {isa = PBXBuildFile; fileRef = 681E3F3E271FC795007BB547 /* Custom.swift */; };
		681E3F43271FC7AD007BB547 /* RoomView.swift in Sources */ = {isa = PBXBuildFile; fileRef = 681E3F41271FC7AC007BB547 /* RoomView.swift */; };
		681E3F44271FC7AD007BB547 /* RoomView.swift in Sources */ = {isa = PBXBuildFile; fileRef = 681E3F41271FC7AC007BB547 /* RoomView.swift */; };
		681E3F45271FC7AD007BB547 /* ConnectView.swift in Sources */ = {isa = PBXBuildFile; fileRef = 681E3F42271FC7AD007BB547 /* ConnectView.swift */; };
		681E3F46271FC7AD007BB547 /* ConnectView.swift in Sources */ = {isa = PBXBuildFile; fileRef = 681E3F42271FC7AD007BB547 /* ConnectView.swift */; };
		681E3F49271FCB40007BB547 /* LiveKit in Frameworks */ = {isa = PBXBuildFile; productRef = 681E3F48271FCB40007BB547 /* LiveKit */; };
		681E3F4B271FCB46007BB547 /* LiveKit in Frameworks */ = {isa = PBXBuildFile; productRef = 681E3F4A271FCB46007BB547 /* LiveKit */; };
		681E3F4D271FE075007BB547 /* MultiplatformUI.swift in Sources */ = {isa = PBXBuildFile; fileRef = 681E3F4C271FE075007BB547 /* MultiplatformUI.swift */; };
		681E3F4E271FE075007BB547 /* MultiplatformUI.swift in Sources */ = {isa = PBXBuildFile; fileRef = 681E3F4C271FE075007BB547 /* MultiplatformUI.swift */; };
		682FB285272C673B00522494 /* ObservableParticipant.swift in Sources */ = {isa = PBXBuildFile; fileRef = 682FB284272C673B00522494 /* ObservableParticipant.swift */; };
		682FB286272C673B00522494 /* ObservableParticipant.swift in Sources */ = {isa = PBXBuildFile; fileRef = 682FB284272C673B00522494 /* ObservableParticipant.swift */; };
		684A3AF3272B0BAB005E46F0 /* SwiftUISupport.swift in Sources */ = {isa = PBXBuildFile; fileRef = 684A3AF2272B0BAB005E46F0 /* SwiftUISupport.swift */; };
		684A3AF4272B0BAB005E46F0 /* SwiftUISupport.swift in Sources */ = {isa = PBXBuildFile; fileRef = 684A3AF2272B0BAB005E46F0 /* SwiftUISupport.swift */; };
		68B3854C271E780700711D5F /* Multiplatform_SwiftUIApp.swift in Sources */ = {isa = PBXBuildFile; fileRef = 68B3853C271E780600711D5F /* Multiplatform_SwiftUIApp.swift */; };
		68B3854D271E780700711D5F /* Multiplatform_SwiftUIApp.swift in Sources */ = {isa = PBXBuildFile; fileRef = 68B3853C271E780600711D5F /* Multiplatform_SwiftUIApp.swift */; };
		68B3854E271E780700711D5F /* ContentView.swift in Sources */ = {isa = PBXBuildFile; fileRef = 68B3853D271E780600711D5F /* ContentView.swift */; };
		68B3854F271E780700711D5F /* ContentView.swift in Sources */ = {isa = PBXBuildFile; fileRef = 68B3853D271E780600711D5F /* ContentView.swift */; };
		68B38550271E780700711D5F /* Assets.xcassets in Resources */ = {isa = PBXBuildFile; fileRef = 68B3853E271E780700711D5F /* Assets.xcassets */; };
		68B38551271E780700711D5F /* Assets.xcassets in Resources */ = {isa = PBXBuildFile; fileRef = 68B3853E271E780700711D5F /* Assets.xcassets */; };
/* End PBXBuildFile section */

/* Begin PBXFileReference section */
		681E3F37271FC552007BB547 /* client-sdk-ios */ = {isa = PBXFileReference; lastKnownFileType = folder; name = "client-sdk-ios"; path = "../client-sdk-ios"; sourceTree = "<group>"; };
		681E3F38271FC772007BB547 /* States.swift */ = {isa = PBXFileReference; fileEncoding = 4; lastKnownFileType = sourcecode.swift; path = States.swift; sourceTree = "<group>"; };
		681E3F3B271FC78A007BB547 /* Globals.swift */ = {isa = PBXFileReference; fileEncoding = 4; lastKnownFileType = sourcecode.swift; path = Globals.swift; sourceTree = "<group>"; };
		681E3F3E271FC795007BB547 /* Custom.swift */ = {isa = PBXFileReference; fileEncoding = 4; lastKnownFileType = sourcecode.swift; path = Custom.swift; sourceTree = "<group>"; };
		681E3F41271FC7AC007BB547 /* RoomView.swift */ = {isa = PBXFileReference; fileEncoding = 4; lastKnownFileType = sourcecode.swift; path = RoomView.swift; sourceTree = "<group>"; };
		681E3F42271FC7AD007BB547 /* ConnectView.swift */ = {isa = PBXFileReference; fileEncoding = 4; lastKnownFileType = sourcecode.swift; path = ConnectView.swift; sourceTree = "<group>"; };
		681E3F4C271FE075007BB547 /* MultiplatformUI.swift */ = {isa = PBXFileReference; lastKnownFileType = sourcecode.swift; path = MultiplatformUI.swift; sourceTree = "<group>"; };
		682FB284272C673B00522494 /* ObservableParticipant.swift */ = {isa = PBXFileReference; lastKnownFileType = sourcecode.swift; path = ObservableParticipant.swift; sourceTree = "<group>"; };
		682FB287272C7BE000522494 /* Multiplatform-SwiftUI--iOS--Info.plist */ = {isa = PBXFileReference; lastKnownFileType = text.plist; path = "Multiplatform-SwiftUI--iOS--Info.plist"; sourceTree = "<group>"; };
		684A3AF2272B0BAB005E46F0 /* SwiftUISupport.swift */ = {isa = PBXFileReference; lastKnownFileType = sourcecode.swift; path = SwiftUISupport.swift; sourceTree = "<group>"; };
		68B3853C271E780600711D5F /* Multiplatform_SwiftUIApp.swift */ = {isa = PBXFileReference; lastKnownFileType = sourcecode.swift; path = Multiplatform_SwiftUIApp.swift; sourceTree = "<group>"; };
		68B3853D271E780600711D5F /* ContentView.swift */ = {isa = PBXFileReference; lastKnownFileType = sourcecode.swift; path = ContentView.swift; sourceTree = "<group>"; };
		68B3853E271E780700711D5F /* Assets.xcassets */ = {isa = PBXFileReference; lastKnownFileType = folder.assetcatalog; path = Assets.xcassets; sourceTree = "<group>"; };
		68B38543271E780700711D5F /* Multiplatform-SwiftUI.app */ = {isa = PBXFileReference; explicitFileType = wrapper.application; includeInIndex = 0; path = "Multiplatform-SwiftUI.app"; sourceTree = BUILT_PRODUCTS_DIR; };
		68B38549271E780700711D5F /* Multiplatform-SwiftUI.app */ = {isa = PBXFileReference; explicitFileType = wrapper.application; includeInIndex = 0; path = "Multiplatform-SwiftUI.app"; sourceTree = BUILT_PRODUCTS_DIR; };
		68B3854B271E780700711D5F /* macOS.entitlements */ = {isa = PBXFileReference; lastKnownFileType = text.plist.entitlements; path = macOS.entitlements; sourceTree = "<group>"; };
/* End PBXFileReference section */

/* Begin PBXFrameworksBuildPhase section */
		68B38540271E780700711D5F /* Frameworks */ = {
			isa = PBXFrameworksBuildPhase;
			buildActionMask = 2147483647;
			files = (
				681E3F4B271FCB46007BB547 /* LiveKit in Frameworks */,
			);
			runOnlyForDeploymentPostprocessing = 0;
		};
		68B38546271E780700711D5F /* Frameworks */ = {
			isa = PBXFrameworksBuildPhase;
			buildActionMask = 2147483647;
			files = (
				681E3F49271FCB40007BB547 /* LiveKit in Frameworks */,
			);
			runOnlyForDeploymentPostprocessing = 0;
		};
/* End PBXFrameworksBuildPhase section */

/* Begin PBXGroup section */
		681E3F47271FCB40007BB547 /* Frameworks */ = {
			isa = PBXGroup;
			children = (
			);
			name = Frameworks;
			sourceTree = "<group>";
		};
		68B38536271E780600711D5F = {
			isa = PBXGroup;
			children = (
				682FB287272C7BE000522494 /* Multiplatform-SwiftUI--iOS--Info.plist */,
				681E3F37271FC552007BB547 /* client-sdk-ios */,
				68B3853B271E780600711D5F /* Shared */,
				68B3854A271E780700711D5F /* macOS */,
				68B38544271E780700711D5F /* Products */,
				681E3F47271FCB40007BB547 /* Frameworks */,
			);
			sourceTree = "<group>";
		};
		68B3853B271E780600711D5F /* Shared */ = {
			isa = PBXGroup;
			children = (
				68B3853E271E780700711D5F /* Assets.xcassets */,
				684A3AF2272B0BAB005E46F0 /* SwiftUISupport.swift */,
				681E3F38271FC772007BB547 /* States.swift */,
				681E3F3E271FC795007BB547 /* Custom.swift */,
				681E3F3B271FC78A007BB547 /* Globals.swift */,
				681E3F42271FC7AD007BB547 /* ConnectView.swift */,
				681E3F41271FC7AC007BB547 /* RoomView.swift */,
				68B3853C271E780600711D5F /* Multiplatform_SwiftUIApp.swift */,
				68B3853D271E780600711D5F /* ContentView.swift */,
				681E3F4C271FE075007BB547 /* MultiplatformUI.swift */,
				682FB284272C673B00522494 /* ObservableParticipant.swift */,
			);
			path = Shared;
			sourceTree = "<group>";
		};
		68B38544271E780700711D5F /* Products */ = {
			isa = PBXGroup;
			children = (
				68B38543271E780700711D5F /* Multiplatform-SwiftUI.app */,
				68B38549271E780700711D5F /* Multiplatform-SwiftUI.app */,
			);
			name = Products;
			sourceTree = "<group>";
		};
		68B3854A271E780700711D5F /* macOS */ = {
			isa = PBXGroup;
			children = (
				68B3854B271E780700711D5F /* macOS.entitlements */,
			);
			path = macOS;
			sourceTree = "<group>";
		};
/* End PBXGroup section */

/* Begin PBXNativeTarget section */
		68B38542271E780700711D5F /* Multiplatform-SwiftUI (iOS) */ = {
			isa = PBXNativeTarget;
			buildConfigurationList = 68B38554271E780700711D5F /* Build configuration list for PBXNativeTarget "Multiplatform-SwiftUI (iOS)" */;
			buildPhases = (
				68B3853F271E780700711D5F /* Sources */,
				68B38540271E780700711D5F /* Frameworks */,
				68B38541271E780700711D5F /* Resources */,
			);
			buildRules = (
			);
			dependencies = (
			);
			name = "Multiplatform-SwiftUI (iOS)";
			packageProductDependencies = (
				681E3F4A271FCB46007BB547 /* LiveKit */,
			);
			productName = "Multiplatform-SwiftUI (iOS)";
			productReference = 68B38543271E780700711D5F /* Multiplatform-SwiftUI.app */;
			productType = "com.apple.product-type.application";
		};
		68B38548271E780700711D5F /* Multiplatform-SwiftUI (macOS) */ = {
			isa = PBXNativeTarget;
			buildConfigurationList = 68B38557271E780700711D5F /* Build configuration list for PBXNativeTarget "Multiplatform-SwiftUI (macOS)" */;
			buildPhases = (
				68B38545271E780700711D5F /* Sources */,
				68B38546271E780700711D5F /* Frameworks */,
				68B38547271E780700711D5F /* Resources */,
			);
			buildRules = (
			);
			dependencies = (
			);
			name = "Multiplatform-SwiftUI (macOS)";
			packageProductDependencies = (
				681E3F48271FCB40007BB547 /* LiveKit */,
			);
			productName = "Multiplatform-SwiftUI (macOS)";
			productReference = 68B38549271E780700711D5F /* Multiplatform-SwiftUI.app */;
			productType = "com.apple.product-type.application";
		};
/* End PBXNativeTarget section */

/* Begin PBXProject section */
		68B38537271E780600711D5F /* Project object */ = {
			isa = PBXProject;
			attributes = {
				BuildIndependentTargetsInParallel = 1;
				LastSwiftUpdateCheck = 1300;
				LastUpgradeCheck = 1300;
				TargetAttributes = {
					68B38542271E780700711D5F = {
						CreatedOnToolsVersion = 13.0;
					};
					68B38548271E780700711D5F = {
						CreatedOnToolsVersion = 13.0;
					};
				};
			};
			buildConfigurationList = 68B3853A271E780600711D5F /* Build configuration list for PBXProject "Multiplatform-SwiftUI" */;
			compatibilityVersion = "Xcode 13.0";
			developmentRegion = en;
			hasScannedForEncodings = 0;
			knownRegions = (
				en,
				Base,
			);
			mainGroup = 68B38536271E780600711D5F;
			packageReferences = (
			);
			productRefGroup = 68B38544271E780700711D5F /* Products */;
			projectDirPath = "";
			projectRoot = "";
			targets = (
				68B38542271E780700711D5F /* Multiplatform-SwiftUI (iOS) */,
				68B38548271E780700711D5F /* Multiplatform-SwiftUI (macOS) */,
			);
		};
/* End PBXProject section */

/* Begin PBXResourcesBuildPhase section */
		68B38541271E780700711D5F /* Resources */ = {
			isa = PBXResourcesBuildPhase;
			buildActionMask = 2147483647;
			files = (
				68B38550271E780700711D5F /* Assets.xcassets in Resources */,
			);
			runOnlyForDeploymentPostprocessing = 0;
		};
		68B38547271E780700711D5F /* Resources */ = {
			isa = PBXResourcesBuildPhase;
			buildActionMask = 2147483647;
			files = (
				68B38551271E780700711D5F /* Assets.xcassets in Resources */,
			);
			runOnlyForDeploymentPostprocessing = 0;
		};
/* End PBXResourcesBuildPhase section */

/* Begin PBXSourcesBuildPhase section */
		68B3853F271E780700711D5F /* Sources */ = {
			isa = PBXSourcesBuildPhase;
			buildActionMask = 2147483647;
			files = (
				681E3F3C271FC78A007BB547 /* Globals.swift in Sources */,
				681E3F45271FC7AD007BB547 /* ConnectView.swift in Sources */,
				681E3F39271FC772007BB547 /* States.swift in Sources */,
				68B3854E271E780700711D5F /* ContentView.swift in Sources */,
				682FB285272C673B00522494 /* ObservableParticipant.swift in Sources */,
				681E3F43271FC7AD007BB547 /* RoomView.swift in Sources */,
				68B3854C271E780700711D5F /* Multiplatform_SwiftUIApp.swift in Sources */,
				681E3F4D271FE075007BB547 /* MultiplatformUI.swift in Sources */,
				681E3F3F271FC795007BB547 /* Custom.swift in Sources */,
				684A3AF3272B0BAB005E46F0 /* SwiftUISupport.swift in Sources */,
			);
			runOnlyForDeploymentPostprocessing = 0;
		};
		68B38545271E780700711D5F /* Sources */ = {
			isa = PBXSourcesBuildPhase;
			buildActionMask = 2147483647;
			files = (
				681E3F3D271FC78A007BB547 /* Globals.swift in Sources */,
				681E3F46271FC7AD007BB547 /* ConnectView.swift in Sources */,
				681E3F3A271FC772007BB547 /* States.swift in Sources */,
				68B3854F271E780700711D5F /* ContentView.swift in Sources */,
				682FB286272C673B00522494 /* ObservableParticipant.swift in Sources */,
				681E3F44271FC7AD007BB547 /* RoomView.swift in Sources */,
				68B3854D271E780700711D5F /* Multiplatform_SwiftUIApp.swift in Sources */,
				681E3F4E271FE075007BB547 /* MultiplatformUI.swift in Sources */,
				681E3F40271FC795007BB547 /* Custom.swift in Sources */,
				684A3AF4272B0BAB005E46F0 /* SwiftUISupport.swift in Sources */,
			);
			runOnlyForDeploymentPostprocessing = 0;
		};
/* End PBXSourcesBuildPhase section */

/* Begin XCBuildConfiguration section */
		68B38552271E780700711D5F /* Debug */ = {
			isa = XCBuildConfiguration;
			buildSettings = {
				ALWAYS_SEARCH_USER_PATHS = NO;
				CLANG_ANALYZER_NONNULL = YES;
				CLANG_ANALYZER_NUMBER_OBJECT_CONVERSION = YES_AGGRESSIVE;
				CLANG_CXX_LANGUAGE_STANDARD = "gnu++17";
				CLANG_CXX_LIBRARY = "libc++";
				CLANG_ENABLE_MODULES = YES;
				CLANG_ENABLE_OBJC_ARC = YES;
				CLANG_ENABLE_OBJC_WEAK = YES;
				CLANG_WARN_BLOCK_CAPTURE_AUTORELEASING = YES;
				CLANG_WARN_BOOL_CONVERSION = YES;
				CLANG_WARN_COMMA = YES;
				CLANG_WARN_CONSTANT_CONVERSION = YES;
				CLANG_WARN_DEPRECATED_OBJC_IMPLEMENTATIONS = YES;
				CLANG_WARN_DIRECT_OBJC_ISA_USAGE = YES_ERROR;
				CLANG_WARN_DOCUMENTATION_COMMENTS = YES;
				CLANG_WARN_EMPTY_BODY = YES;
				CLANG_WARN_ENUM_CONVERSION = YES;
				CLANG_WARN_INFINITE_RECURSION = YES;
				CLANG_WARN_INT_CONVERSION = YES;
				CLANG_WARN_NON_LITERAL_NULL_CONVERSION = YES;
				CLANG_WARN_OBJC_IMPLICIT_RETAIN_SELF = YES;
				CLANG_WARN_OBJC_LITERAL_CONVERSION = YES;
				CLANG_WARN_OBJC_ROOT_CLASS = YES_ERROR;
				CLANG_WARN_QUOTED_INCLUDE_IN_FRAMEWORK_HEADER = YES;
				CLANG_WARN_RANGE_LOOP_ANALYSIS = YES;
				CLANG_WARN_STRICT_PROTOTYPES = YES;
				CLANG_WARN_SUSPICIOUS_MOVE = YES;
				CLANG_WARN_UNGUARDED_AVAILABILITY = YES_AGGRESSIVE;
				CLANG_WARN_UNREACHABLE_CODE = YES;
				CLANG_WARN__DUPLICATE_METHOD_MATCH = YES;
				COPY_PHASE_STRIP = NO;
				DEBUG_INFORMATION_FORMAT = dwarf;
				ENABLE_BITCODE = NO;
				ENABLE_STRICT_OBJC_MSGSEND = YES;
				ENABLE_TESTABILITY = YES;
				GCC_C_LANGUAGE_STANDARD = gnu11;
				GCC_DYNAMIC_NO_PIC = NO;
				GCC_NO_COMMON_BLOCKS = YES;
				GCC_OPTIMIZATION_LEVEL = 0;
				GCC_PREPROCESSOR_DEFINITIONS = (
					"DEBUG=1",
					"$(inherited)",
				);
				GCC_WARN_64_TO_32_BIT_CONVERSION = YES;
				GCC_WARN_ABOUT_RETURN_TYPE = YES_ERROR;
				GCC_WARN_UNDECLARED_SELECTOR = YES;
				GCC_WARN_UNINITIALIZED_AUTOS = YES_AGGRESSIVE;
				GCC_WARN_UNUSED_FUNCTION = YES;
				GCC_WARN_UNUSED_VARIABLE = YES;
				MTL_ENABLE_DEBUG_INFO = INCLUDE_SOURCE;
				MTL_FAST_MATH = YES;
				ONLY_ACTIVE_ARCH = YES;
				SWIFT_ACTIVE_COMPILATION_CONDITIONS = DEBUG;
				SWIFT_OPTIMIZATION_LEVEL = "-Onone";
			};
			name = Debug;
		};
		68B38553271E780700711D5F /* Release */ = {
			isa = XCBuildConfiguration;
			buildSettings = {
				ALWAYS_SEARCH_USER_PATHS = NO;
				CLANG_ANALYZER_NONNULL = YES;
				CLANG_ANALYZER_NUMBER_OBJECT_CONVERSION = YES_AGGRESSIVE;
				CLANG_CXX_LANGUAGE_STANDARD = "gnu++17";
				CLANG_CXX_LIBRARY = "libc++";
				CLANG_ENABLE_MODULES = YES;
				CLANG_ENABLE_OBJC_ARC = YES;
				CLANG_ENABLE_OBJC_WEAK = YES;
				CLANG_WARN_BLOCK_CAPTURE_AUTORELEASING = YES;
				CLANG_WARN_BOOL_CONVERSION = YES;
				CLANG_WARN_COMMA = YES;
				CLANG_WARN_CONSTANT_CONVERSION = YES;
				CLANG_WARN_DEPRECATED_OBJC_IMPLEMENTATIONS = YES;
				CLANG_WARN_DIRECT_OBJC_ISA_USAGE = YES_ERROR;
				CLANG_WARN_DOCUMENTATION_COMMENTS = YES;
				CLANG_WARN_EMPTY_BODY = YES;
				CLANG_WARN_ENUM_CONVERSION = YES;
				CLANG_WARN_INFINITE_RECURSION = YES;
				CLANG_WARN_INT_CONVERSION = YES;
				CLANG_WARN_NON_LITERAL_NULL_CONVERSION = YES;
				CLANG_WARN_OBJC_IMPLICIT_RETAIN_SELF = YES;
				CLANG_WARN_OBJC_LITERAL_CONVERSION = YES;
				CLANG_WARN_OBJC_ROOT_CLASS = YES_ERROR;
				CLANG_WARN_QUOTED_INCLUDE_IN_FRAMEWORK_HEADER = YES;
				CLANG_WARN_RANGE_LOOP_ANALYSIS = YES;
				CLANG_WARN_STRICT_PROTOTYPES = YES;
				CLANG_WARN_SUSPICIOUS_MOVE = YES;
				CLANG_WARN_UNGUARDED_AVAILABILITY = YES_AGGRESSIVE;
				CLANG_WARN_UNREACHABLE_CODE = YES;
				CLANG_WARN__DUPLICATE_METHOD_MATCH = YES;
				COPY_PHASE_STRIP = NO;
				DEBUG_INFORMATION_FORMAT = "dwarf-with-dsym";
				ENABLE_BITCODE = NO;
				ENABLE_NS_ASSERTIONS = NO;
				ENABLE_STRICT_OBJC_MSGSEND = YES;
				GCC_C_LANGUAGE_STANDARD = gnu11;
				GCC_NO_COMMON_BLOCKS = YES;
				GCC_WARN_64_TO_32_BIT_CONVERSION = YES;
				GCC_WARN_ABOUT_RETURN_TYPE = YES_ERROR;
				GCC_WARN_UNDECLARED_SELECTOR = YES;
				GCC_WARN_UNINITIALIZED_AUTOS = YES_AGGRESSIVE;
				GCC_WARN_UNUSED_FUNCTION = YES;
				GCC_WARN_UNUSED_VARIABLE = YES;
				MTL_ENABLE_DEBUG_INFO = NO;
				MTL_FAST_MATH = YES;
				SWIFT_COMPILATION_MODE = wholemodule;
				SWIFT_OPTIMIZATION_LEVEL = "-O";
			};
			name = Release;
		};
		68B38555271E780700711D5F /* Debug */ = {
			isa = XCBuildConfiguration;
			buildSettings = {
				ASSETCATALOG_COMPILER_APPICON_NAME = AppIcon;
				ASSETCATALOG_COMPILER_GLOBAL_ACCENT_COLOR_NAME = AccentColor;
				CODE_SIGN_STYLE = Automatic;
				CURRENT_PROJECT_VERSION = 1;
				DEVELOPMENT_TEAM = J48VV6BZV9;
				ENABLE_PREVIEWS = YES;
				GENERATE_INFOPLIST_FILE = YES;
				INFOPLIST_FILE = "Multiplatform-SwiftUI--iOS--Info.plist";
				INFOPLIST_KEY_UIApplicationSceneManifest_Generation = YES;
				INFOPLIST_KEY_UIApplicationSupportsIndirectInputEvents = YES;
				INFOPLIST_KEY_UILaunchScreen_Generation = YES;
				INFOPLIST_KEY_UISupportedInterfaceOrientations_iPad = "UIInterfaceOrientationPortrait UIInterfaceOrientationPortraitUpsideDown UIInterfaceOrientationLandscapeLeft UIInterfaceOrientationLandscapeRight";
				INFOPLIST_KEY_UISupportedInterfaceOrientations_iPhone = "UIInterfaceOrientationPortrait UIInterfaceOrientationLandscapeLeft UIInterfaceOrientationLandscapeRight";
				IPHONEOS_DEPLOYMENT_TARGET = 14.0;
				LD_RUNPATH_SEARCH_PATHS = (
					"$(inherited)",
					"@executable_path/Frameworks",
				);
				MARKETING_VERSION = 1.0;
				PRODUCT_BUNDLE_IDENTIFIER = "io.livekit.example.Multiplatform-SwiftUI";
				PRODUCT_NAME = "Multiplatform-SwiftUI";
				SDKROOT = iphoneos;
				SWIFT_EMIT_LOC_STRINGS = YES;
				SWIFT_VERSION = 5.0;
				TARGETED_DEVICE_FAMILY = "1,2";
			};
			name = Debug;
		};
		68B38556271E780700711D5F /* Release */ = {
			isa = XCBuildConfiguration;
			buildSettings = {
				ASSETCATALOG_COMPILER_APPICON_NAME = AppIcon;
				ASSETCATALOG_COMPILER_GLOBAL_ACCENT_COLOR_NAME = AccentColor;
				CODE_SIGN_STYLE = Automatic;
				CURRENT_PROJECT_VERSION = 1;
				DEVELOPMENT_TEAM = J48VV6BZV9;
				ENABLE_PREVIEWS = YES;
				GENERATE_INFOPLIST_FILE = YES;
				INFOPLIST_FILE = "Multiplatform-SwiftUI--iOS--Info.plist";
				INFOPLIST_KEY_UIApplicationSceneManifest_Generation = YES;
				INFOPLIST_KEY_UIApplicationSupportsIndirectInputEvents = YES;
				INFOPLIST_KEY_UILaunchScreen_Generation = YES;
				INFOPLIST_KEY_UISupportedInterfaceOrientations_iPad = "UIInterfaceOrientationPortrait UIInterfaceOrientationPortraitUpsideDown UIInterfaceOrientationLandscapeLeft UIInterfaceOrientationLandscapeRight";
				INFOPLIST_KEY_UISupportedInterfaceOrientations_iPhone = "UIInterfaceOrientationPortrait UIInterfaceOrientationLandscapeLeft UIInterfaceOrientationLandscapeRight";
				IPHONEOS_DEPLOYMENT_TARGET = 14.0;
				LD_RUNPATH_SEARCH_PATHS = (
					"$(inherited)",
					"@executable_path/Frameworks",
				);
				MARKETING_VERSION = 1.0;
				PRODUCT_BUNDLE_IDENTIFIER = "io.livekit.example.Multiplatform-SwiftUI";
				PRODUCT_NAME = "Multiplatform-SwiftUI";
				SDKROOT = iphoneos;
				SWIFT_EMIT_LOC_STRINGS = YES;
				SWIFT_VERSION = 5.0;
				TARGETED_DEVICE_FAMILY = "1,2";
				VALIDATE_PRODUCT = YES;
			};
			name = Release;
		};
		68B38558271E780700711D5F /* Debug */ = {
			isa = XCBuildConfiguration;
			buildSettings = {
				ASSETCATALOG_COMPILER_APPICON_NAME = AppIcon;
				ASSETCATALOG_COMPILER_GLOBAL_ACCENT_COLOR_NAME = AccentColor;
				CODE_SIGN_ENTITLEMENTS = macOS/macOS.entitlements;
				CODE_SIGN_STYLE = Automatic;
				COMBINE_HIDPI_IMAGES = YES;
				CURRENT_PROJECT_VERSION = 1;
				DEVELOPMENT_TEAM = J48VV6BZV9;
				ENABLE_HARDENED_RUNTIME = YES;
				ENABLE_PREVIEWS = YES;
				GENERATE_INFOPLIST_FILE = YES;
				INFOPLIST_KEY_NSHumanReadableCopyright = "";
				LD_RUNPATH_SEARCH_PATHS = (
					"$(inherited)",
					"@executable_path/../Frameworks",
				);
				MACOSX_DEPLOYMENT_TARGET = 11.0;
				MARKETING_VERSION = 1.0;
				PRODUCT_BUNDLE_IDENTIFIER = "io.livekit.example.Multiplatform-SwiftUI";
				PRODUCT_NAME = "Multiplatform-SwiftUI";
				SDKROOT = macosx;
				SWIFT_EMIT_LOC_STRINGS = YES;
				SWIFT_VERSION = 5.0;
			};
			name = Debug;
		};
		68B38559271E780700711D5F /* Release */ = {
			isa = XCBuildConfiguration;
			buildSettings = {
				ASSETCATALOG_COMPILER_APPICON_NAME = AppIcon;
				ASSETCATALOG_COMPILER_GLOBAL_ACCENT_COLOR_NAME = AccentColor;
				CODE_SIGN_ENTITLEMENTS = macOS/macOS.entitlements;
				CODE_SIGN_STYLE = Automatic;
				COMBINE_HIDPI_IMAGES = YES;
				CURRENT_PROJECT_VERSION = 1;
				DEVELOPMENT_TEAM = J48VV6BZV9;
				ENABLE_HARDENED_RUNTIME = YES;
				ENABLE_PREVIEWS = YES;
				GENERATE_INFOPLIST_FILE = YES;
				INFOPLIST_KEY_NSHumanReadableCopyright = "";
				LD_RUNPATH_SEARCH_PATHS = (
					"$(inherited)",
					"@executable_path/../Frameworks",
				);
				MACOSX_DEPLOYMENT_TARGET = 11.0;
				MARKETING_VERSION = 1.0;
				PRODUCT_BUNDLE_IDENTIFIER = "io.livekit.example.Multiplatform-SwiftUI";
				PRODUCT_NAME = "Multiplatform-SwiftUI";
				SDKROOT = macosx;
				SWIFT_EMIT_LOC_STRINGS = YES;
				SWIFT_VERSION = 5.0;
			};
			name = Release;
		};
/* End XCBuildConfiguration section */

/* Begin XCConfigurationList section */
		68B3853A271E780600711D5F /* Build configuration list for PBXProject "Multiplatform-SwiftUI" */ = {
			isa = XCConfigurationList;
			buildConfigurations = (
				68B38552271E780700711D5F /* Debug */,
				68B38553271E780700711D5F /* Release */,
			);
			defaultConfigurationIsVisible = 0;
			defaultConfigurationName = Release;
		};
		68B38554271E780700711D5F /* Build configuration list for PBXNativeTarget "Multiplatform-SwiftUI (iOS)" */ = {
			isa = XCConfigurationList;
			buildConfigurations = (
				68B38555271E780700711D5F /* Debug */,
				68B38556271E780700711D5F /* Release */,
			);
			defaultConfigurationIsVisible = 0;
			defaultConfigurationName = Release;
		};
		68B38557271E780700711D5F /* Build configuration list for PBXNativeTarget "Multiplatform-SwiftUI (macOS)" */ = {
			isa = XCConfigurationList;
			buildConfigurations = (
				68B38558271E780700711D5F /* Debug */,
				68B38559271E780700711D5F /* Release */,
			);
			defaultConfigurationIsVisible = 0;
			defaultConfigurationName = Release;
		};
/* End XCConfigurationList section */

/* Begin XCSwiftPackageProductDependency section */
		681E3F48271FCB40007BB547 /* LiveKit */ = {
			isa = XCSwiftPackageProductDependency;
			productName = LiveKit;
		};
		681E3F4A271FCB46007BB547 /* LiveKit */ = {
			isa = XCSwiftPackageProductDependency;
			productName = LiveKit;
		};
/* End XCSwiftPackageProductDependency section */
	};
	rootObject = 68B38537271E780600711D5F /* Project object */;
}
