{
  "object": {
    "pins": [
      {
        "package": "KeychainAccess",
        "repositoryURL": "https://github.com/kishikawakatsumi/KeychainAccess.git",
        "state": {
          "branch": null,
          "revision": "84e546727d66f1adc5439debad16270d0fdd04e7",
          "version": "4.2.2"
        }
      },
      {
        "package": "Promises",
        "repositoryURL": "https://github.com/google/promises.git",
        "state": {
          "branch": null,
          "revision": "ec957ccddbcc710ccc64c9dcbd4c7006fcf8b73a",
          "version": "2.2.0"
        }
      },
      {
        "package": "SFSafeSymbols",
        "repositoryURL": "https://github.com/SFSafeSymbols/SFSafeSymbols",
        "state": {
          "branch": null,
          "revision": "7cca2d60925876b5953a2cf7341cd80fbeac983c",
          "version": "4.1.1"
        }
      },
      {
        "package": "WebRTC",
        "repositoryURL": "https://github.com/webrtc-sdk/Specs.git",
        "state": {
          "branch": null,
          "revision": "7474b6f4512738b0550e318ce7b1ff8681d3ee31",
          "version": "114.5735.2"
        }
      },
      {
        "package": "swift-log",
        "repositoryURL": "https://github.com/apple/swift-log.git",
        "state": {
          "branch": null,
          "revision": "32e8d724467f8fe623624570367e3d50c5638e46",
          "version": "1.5.2"
        }
      },
      {
        "package": "SwiftProtobuf",
        "repositoryURL": "https://github.com/apple/swift-protobuf.git",
        "state": {
          "branch": null,
          "revision": "f25867a208f459d3c5a06935dceb9083b11cd539",
          "version": "1.22.0"
        }
      }
    ]
  },
  "version": 1
}
