{
  "pins" : [
    {
      "identity" : "client-sdk-swift",
      "kind" : "remoteSourceControl",
      "location" : "https://github.com/livekit/client-sdk-swift",
      "state" : {
        "revision" : "b2353db06eefa15468c4b2e0f546c5022f8bd266",
        "version" : "1.1.2"
      }
    },
    {
      "identity" : "keychainaccess",
      "kind" : "remoteSourceControl",
      "location" : "https://github.com/kishikawakatsumi/KeychainAccess.git",
      "state" : {
        "revision" : "84e546727d66f1adc5439debad16270d0fdd04e7",
        "version" : "4.2.2"
      }
    },
    {
      "identity" : "promises",
      "kind" : "remoteSourceControl",
      "location" : "https://github.com/google/promises.git",
      "state" : {
        "revision" : "e70e889c0196c76d22759eb50d6a0270ca9f1d9e",
        "version" : "2.3.1"
      }
    },
    {
      "identity" : "sfsafesymbols",
      "kind" : "remoteSourceControl",
      "location" : "https://github.com/SFSafeSymbols/SFSafeSymbols",
      "state" : {
        "revision" : "7cca2d60925876b5953a2cf7341cd80fbeac983c",
        "version" : "4.1.1"
      }
    },
    {
      "identity" : "specs",
      "kind" : "remoteSourceControl",
      "location" : "https://github.com/webrtc-sdk/Specs.git",
      "state" : {
        "revision" : "4fa8d6d647fc759cdd0265fd413d2f28ea2e0e08",
        "version" : "114.5735.8"
      }
    },
    {
      "identity" : "swift-log",
      "kind" : "remoteSourceControl",
      "location" : "https://github.com/apple/swift-log.git",
      "state" : {
        "revision" : "532d8b529501fb73a2455b179e0bbb6d49b652ed",
        "version" : "1.5.3"
      }
    },
    {
      "identity" : "swift-protobuf",
      "kind" : "remoteSourceControl",
      "location" : "https://github.com/apple/swift-protobuf.git",
      "state" : {
        "revision" : "cf62cdaea48b77f1a631e5cb3aeda6047c2cba1d",
        "version" : "1.23.0"
      }
    }
  ],
  "version" : 2
}
