{
  "originHash" : "61220e1a78abee2c5473cadcf7c777fe94b8cd1bfd0bc4009621ebd46d3f848b",
  "pins" : [
    {
      "identity" : "client-sdk-swift",
      "kind" : "remoteSourceControl",
      "location" : "https://github.com/livekit/client-sdk-swift",
      "state" : {
        "branch" : "release/2.17.0",
        "revision" : "c9d504bef317148462f16028d9ef0edf699ea9d9"
      }
    },
    {
      "identity" : "components-swift",
      "kind" : "remoteSourceControl",
      "location" : "https://github.com/livekit/components-swift",
      "state" : {
        "revision" : "9f28db3ae5d2b51f3033ea725c952ddacb5657d0",
        "version" : "0.1.7"
      }
    },
    {
      "identity" : "keychainaccess",
      "kind" : "remoteSourceControl",
      "location" : "https://github.com/kishikawakatsumi/KeychainAccess.git",
      "state" : {
        "revision" : "84e546727d66f1adc5439debad16270d0fdd04e7",
        "version" : "4.2.2"
      }
    },
    {
      "identity" : "livekit-uniffi-xcframework",
      "kind" : "remoteSourceControl",
      "location" : "https://github.com/livekit/livekit-uniffi-xcframework.git",
      "state" : {
        "revision" : "7a9bf91b1601d5c408ae0cac7dc2047b5a4f615e",
        "version" : "0.1.9"
      }
    },
    {
      "identity" : "sfsafesymbols",
      "kind" : "remoteSourceControl",
      "location" : "https://github.com/SFSafeSymbols/SFSafeSymbols",
      "state" : {
        "revision" : "7cca2d60925876b5953a2cf7341cd80fbeac983c",
        "version" : "4.1.1"
      }
    },
    {
      "identity" : "webrtc-xcframework",
      "kind" : "remoteSourceControl",
      "location" : "https://github.com/livekit/webrtc-xcframework.git",
      "state" : {
        "revision" : "c73deceaddd9c07293871ae28f24d4326cc86d62",
        "version" : "150.7871.2"
      }
    }
  ],
  "version" : 3
}
